
Microsoft Visual Studio Solution File, Format Version 12.00
# Visual Studio 15
VisualStudioVersion = 15.0.27428.2015
MinimumVisualStudioVersion = 10.0.40219.1
Project("{FAE04EC0-301F-11D3-BF4B-00C04F79EFBC}") = "JiP_app", "JiP_app\JiP_app.csproj", "{9086FBDF-E69D-43B4-B2DD-49AB513DF886}"
EndProject
Global
	GlobalSection(SolutionConfigurationPlatforms) = preSolution
		Debug|Any CPU = Debug|Any CPU
		Release|Any CPU = Release|Any CPU
	EndGlobalSection
	GlobalSection(ProjectConfigurationPlatforms) = postSolution
		{9086FBDF-E69D-43B4-B2DD-49AB513DF886}.Debug|Any CPU.ActiveCfg = Debug|Any CPU
		{9086FBDF-E69D-43B4-B2DD-49AB513DF886}.Debug|Any CPU.Build.0 = Debug|Any CPU
		{9086FBDF-E69D-43B4-B2DD-49AB513DF886}.Release|Any CPU.ActiveCfg = Release|Any CPU
		{9086FBDF-E69D-43B4-B2DD-49AB513DF886}.Release|Any CPU.Build.0 = Release|Any CPU
	EndGlobalSection
	GlobalSection(SolutionProperties) = preSolution
		HideSolutionNode = FALSE
	EndGlobalSection
	GlobalSection(ExtensibilityGlobals) = postSolution
		SolutionGuid = {1C0C8AA4-864E-4AA3-8698-F3E379B8779D}
	EndGlobalSection
EndGlobal
